
Microsoft Visual Studio Solution File, Format Version 12.00
# Visual Studio 15
VisualStudioVersion = 15.0.27004.2006
MinimumVisualStudioVersion = 10.0.40219.1
Project("{FAE04EC0-301F-11D3-BF4B-00C04F79EFBC}") = "multi 01", "multi 01\multi 01.csproj", "{2811C8F3-25BC-4167-93B1-99D4EF70161C}"
EndProject
Global
	GlobalSection(SolutionConfigurationPlatforms) = preSolution
		Debug|Any CPU = Debug|Any CPU
		Release|Any CPU = Release|Any CPU
	EndGlobalSection
	GlobalSection(ProjectConfigurationPlatforms) = postSolution
		{2811C8F3-25BC-4167-93B1-99D4EF70161C}.Debug|Any CPU.ActiveCfg = Debug|Any CPU
		{2811C8F3-25BC-4167-93B1-99D4EF70161C}.Debug|Any CPU.Build.0 = Debug|Any CPU
		{2811C8F3-25BC-4167-93B1-99D4EF70161C}.Release|Any CPU.ActiveCfg = Release|Any CPU
		{2811C8F3-25BC-4167-93B1-99D4EF70161C}.Release|Any CPU.Build.0 = Release|Any CPU
	EndGlobalSection
	GlobalSection(SolutionProperties) = preSolution
		HideSolutionNode = FALSE
	EndGlobalSection
	GlobalSection(ExtensibilityGlobals) = postSolution
		SolutionGuid = {C370F370-1B14-4F36-95C8-04191E88E073}
	EndGlobalSection
EndGlobal
